
Microsoft Visual Studio Solution File, Format Version 12.00
# Visual Studio Version 17
VisualStudioVersion = 17.0.31903.59
MinimumVisualStudioVersion = 10.0.40219.1
Project("{FAE04EC0-301F-11D3-BF4B-00C04F79EFBC}") = "ServiceBusManagementConsole", "ServiceBusManagementConsole\ServiceBusManagementConsole.csproj", "{40116D85-C976-4D21-99D0-27BF46CC85B9}"
EndProject
Global
	GlobalSection(SolutionConfigurationPlatforms) = preSolution
		Debug|Any CPU = Debug|Any CPU
		Release|Any CPU = Release|Any CPU
	EndGlobalSection
	GlobalSection(ProjectConfigurationPlatforms) = postSolution
		{40116D85-C976-4D21-99D0-27BF46CC85B9}.Debug|Any CPU.ActiveCfg = Debug|Any CPU
		{40116D85-C976-4D21-99D0-27BF46CC85B9}.Debug|Any CPU.Build.0 = Debug|Any CPU
		{40116D85-C976-4D21-99D0-27BF46CC85B9}.Release|Any CPU.ActiveCfg = Release|Any CPU
		{40116D85-C976-4D21-99D0-27BF46CC85B9}.Release|Any CPU.Build.0 = Release|Any CPU
	EndGlobalSection
	GlobalSection(SolutionProperties) = preSolution
		HideSolutionNode = FALSE
	EndGlobalSection
	GlobalSection(ExtensibilityGlobals) = postSolution
		SolutionGuid = {11B7A53E-5846-49EE-899E-DD50E48D620C}
	EndGlobalSection
EndGlobal
